
Microsoft Visual Studio Solution File, Format Version 12.00
# Visual Studio 15
VisualStudioVersion = 15.0.27428.2037
MinimumVisualStudioVersion = 10.0.40219.1
Project("{FAE04EC0-301F-11D3-BF4B-00C04F79EFBC}") = "ROC_WMS", "ROC_WMS\ROC_WMS.csproj", "{D02E0CC2-566D-457F-9BCE-B635C1715ABF}"
EndProject
Global
	GlobalSection(SolutionConfigurationPlatforms) = preSolution
		Debug|Any CPU = Debug|Any CPU
		Release|Any CPU = Release|Any CPU
	EndGlobalSection
	GlobalSection(ProjectConfigurationPlatforms) = postSolution
		{D02E0CC2-566D-457F-9BCE-B635C1715ABF}.Debug|Any CPU.ActiveCfg = Debug|Any CPU
		{D02E0CC2-566D-457F-9BCE-B635C1715ABF}.Debug|Any CPU.Build.0 = Debug|Any CPU
		{D02E0CC2-566D-457F-9BCE-B635C1715ABF}.Release|Any CPU.ActiveCfg = Release|Any CPU
		{D02E0CC2-566D-457F-9BCE-B635C1715ABF}.Release|Any CPU.Build.0 = Release|Any CPU
	EndGlobalSection
	GlobalSection(SolutionProperties) = preSolution
		HideSolutionNode = FALSE
	EndGlobalSection
	GlobalSection(ExtensibilityGlobals) = postSolution
		SolutionGuid = {68BA739A-257B-4C4B-A546-024A49FB8EAF}
	EndGlobalSection
EndGlobal
